{
  "requires": true,
  "lockfileVersion": 1,
  "dependencies": {
    "@popperjs/core": {
      "version": "2.10.1",
      "resolved": "https://registry.npmjs.org/@popperjs/core/-/core-2.10.1.tgz",
      "integrity": "sha512-HnUhk1Sy9IuKrxEMdIRCxpIqPw6BFsbYSEUO9p/hNw5sMld/+3OLMWQP80F8/db9qsv3qUjs7ZR5bS/R+iinXw=="
    },
    "@types/lodash": {
      "version": "4.14.172",
      "resolved": "https://registry.npmjs.org/@types/lodash/-/lodash-4.14.172.tgz",
      "integrity": "sha512-/BHF5HAx3em7/KkzVKm3LrsD6HZAXuXO1AJZQ3cRRBZj4oHZDviWPYu0aEplAqDFNHZPW6d3G7KN+ONcCCC7pw=="
    },
    "core-js": {
      "version": "3.17.3",
      "resolved": "https://registry.npmjs.org/core-js/-/core-js-3.17.3.tgz",
      "integrity": "sha512-lyvajs+wd8N1hXfzob1LdOCCHFU4bGMbqqmLn1Q4QlCpDqWPpGf+p0nj+LNrvDDG33j0hZXw2nsvvVpHysxyNw=="
    },
    "date-fns": {
      "version": "2.23.0",
      "resolved": "https://registry.npmjs.org/date-fns/-/date-fns-2.23.0.tgz",
      "integrity": "sha512-5ycpauovVyAk0kXNZz6ZoB9AYMZB4DObse7P3BPWmyEjXNORTI8EJ6X0uaSAq4sCHzM1uajzrkr6HnsLQpxGXA=="
    },
    "date-fns-tz": {
      "version": "1.1.6",
      "resolved": "https://registry.npmjs.org/date-fns-tz/-/date-fns-tz-1.1.6.tgz",
      "integrity": "sha512-nyy+URfFI3KUY7udEJozcoftju+KduaqkVfwyTIE0traBiVye09QnyWKLZK7drRr5h9B7sPJITmQnS3U6YOdQg=="
    },
    "lodash": {
      "version": "4.17.21",
      "resolved": "https://registry.npmjs.org/lodash/-/lodash-4.17.21.tgz",
      "integrity": "sha512-v2kDEe57lecTulaDIuNTPy3Ry4gLGJ6Z1O3vE1krgXZNrsQ+LFTGHVxVjcXPs17LhbZVGedAJv8XZ1tvj5FvSg=="
    },
    "v-calendar": {
      "version": "3.0.0-alpha.5",
      "resolved": "https://registry.npmjs.org/v-calendar/-/v-calendar-3.0.0-alpha.5.tgz",
      "integrity": "sha512-KGTzBDQzSbk1nwHvvm1zb3rcTYB4giL46mOjNvwtgxrvM2a5Kt7Ytxa9HolNIrDl8eYgMrfPY0L7bNnGb7dXCA==",
      "requires": {
        "@types/lodash": "^4.14.165",
        "core-js": "^3.7.0",
        "date-fns": "^2.16.1",
        "date-fns-tz": "^1.0.12",
        "lodash": "^4.17.20"
      }
    }
  }
}
